// !$*UTF8*$!
{
	archiveVersion = 1;
	classes = {
	};
	objectVersion = 46;
	objects = {

/* Begin PBXBuildFile section */
		8F5D0D4C1A94826400FE56F9 /* OrderFormationViewController.m in Sources */ = {isa = PBXBuildFile; fileRef = 8F5D0D4B1A94826400FE56F9 /* OrderFormationViewController.m */; };
		8F5D0D591A94850900FE56F9 /* AudioToolbox.framework in Frameworks */ = {isa = PBXBuildFile; fileRef = 8F5D0D581A94850900FE56F9 /* AudioToolbox.framework */; };
		8F5D0D5B1A94851300FE56F9 /* CFNetwork.framework in Frameworks */ = {isa = PBXBuildFile; fileRef = 8F5D0D5A1A94851300FE56F9 /* CFNetwork.framework */; };
		8F5D0D5D1A94851D00FE56F9 /* CoreGraphics.framework in Frameworks */ = {isa = PBXBuildFile; fileRef = 8F5D0D5C1A94851D00FE56F9 /* CoreGraphics.framework */; };
		8F5D0D5F1A94852700FE56F9 /* CoreLocation.framework in Frameworks */ = {isa = PBXBuildFile; fileRef = 8F5D0D5E1A94852700FE56F9 /* CoreLocation.framework */; };
		8F5D0D611A94853000FE56F9 /* MobileCoreServices.framework in Frameworks */ = {isa = PBXBuildFile; fileRef = 8F5D0D601A94853000FE56F9 /* MobileCoreServices.framework */; };
		8F5D0D631A94853A00FE56F9 /* QuartzCore.framework in Frameworks */ = {isa = PBXBuildFile; fileRef = 8F5D0D621A94853A00FE56F9 /* QuartzCore.framework */; };
		8F5D0D651A94854400FE56F9 /* Security.framework in Frameworks */ = {isa = PBXBuildFile; fileRef = 8F5D0D641A94854400FE56F9 /* Security.framework */; };
		8F5D0D671A94854D00FE56F9 /* StoreKit.framework in Frameworks */ = {isa = PBXBuildFile; fileRef = 8F5D0D661A94854D00FE56F9 /* StoreKit.framework */; };
		8F5D0D691A94855600FE56F9 /* SystemConfiguration.framework in Frameworks */ = {isa = PBXBuildFile; fileRef = 8F5D0D681A94855600FE56F9 /* SystemConfiguration.framework */; };
		8F5D0D6B1A94858800FE56F9 /* libz.dylib in Frameworks */ = {isa = PBXBuildFile; fileRef = 8F5D0D6A1A94858800FE56F9 /* libz.dylib */; };
		8F5D0D6D1A94859400FE56F9 /* libsqlite3.dylib in Frameworks */ = {isa = PBXBuildFile; fileRef = 8F5D0D6C1A94859400FE56F9 /* libsqlite3.dylib */; };
		8F8DA45F1A920C1200F2C095 /* main.m in Sources */ = {isa = PBXBuildFile; fileRef = 8F8DA45E1A920C1200F2C095 /* main.m */; };
		8F8DA4621A920C1200F2C095 /* AppDelegate.m in Sources */ = {isa = PBXBuildFile; fileRef = 8F8DA4611A920C1200F2C095 /* AppDelegate.m */; };
		8F8DA4651A920C1200F2C095 /* Albumen_iOS_Client.xcdatamodeld in Sources */ = {isa = PBXBuildFile; fileRef = 8F8DA4631A920C1200F2C095 /* Albumen_iOS_Client.xcdatamodeld */; };
		8F8DA4681A920C1200F2C095 /* ViewController.m in Sources */ = {isa = PBXBuildFile; fileRef = 8F8DA4671A920C1200F2C095 /* ViewController.m */; };
		8F8DA46B1A920C1200F2C095 /* Main.storyboard in Resources */ = {isa = PBXBuildFile; fileRef = 8F8DA4691A920C1200F2C095 /* Main.storyboard */; };
		8F8DA46D1A920C1200F2C095 /* Images.xcassets in Resources */ = {isa = PBXBuildFile; fileRef = 8F8DA46C1A920C1200F2C095 /* Images.xcassets */; };
		8F8DA4701A920C1200F2C095 /* LaunchScreen.xib in Resources */ = {isa = PBXBuildFile; fileRef = 8F8DA46E1A920C1200F2C095 /* LaunchScreen.xib */; };
		8F8DA47C1A920C1200F2C095 /* Albumen_iOS_ClientTests.m in Sources */ = {isa = PBXBuildFile; fileRef = 8F8DA47B1A920C1200F2C095 /* Albumen_iOS_ClientTests.m */; };
		8F9960311AB96DEA000DA5A3 /* OrderConfirmationViewController.m in Sources */ = {isa = PBXBuildFile; fileRef = 8F9960301AB96DEA000DA5A3 /* OrderConfirmationViewController.m */; };
		8F9960331AB9943B000DA5A3 /* bg_green@2x.png in Resources */ = {isa = PBXBuildFile; fileRef = 8F9960321AB9943B000DA5A3 /* bg_green@2x.png */; };
		8F9960371AB99888000DA5A3 /* IntroPageContentViewController.m in Sources */ = {isa = PBXBuildFile; fileRef = 8F9960361AB99888000DA5A3 /* IntroPageContentViewController.m */; };
		8F99603A1AB9990F000DA5A3 /* EntranceViewController.m in Sources */ = {isa = PBXBuildFile; fileRef = 8F9960391AB9990F000DA5A3 /* EntranceViewController.m */; };
		8F99603F1AB99F3A000DA5A3 /* intro_page3.png in Resources */ = {isa = PBXBuildFile; fileRef = 8F99603B1AB99F3A000DA5A3 /* intro_page3.png */; };
		8F9960401AB99F3A000DA5A3 /* intro_page4.png in Resources */ = {isa = PBXBuildFile; fileRef = 8F99603C1AB99F3A000DA5A3 /* intro_page4.png */; };
		8F9960411AB99F3A000DA5A3 /* intro_page2.png in Resources */ = {isa = PBXBuildFile; fileRef = 8F99603D1AB99F3A000DA5A3 /* intro_page2.png */; };
		8F9960421AB99F3A000DA5A3 /* intro_page1.png in Resources */ = {isa = PBXBuildFile; fileRef = 8F99603E1AB99F3A000DA5A3 /* intro_page1.png */; };
		8FA06BDD1A97873B004AB0A8 /* ELCAlbumPickerController.m in Sources */ = {isa = PBXBuildFile; fileRef = 8FA06BC71A97873B004AB0A8 /* ELCAlbumPickerController.m */; };
		8FA06BDE1A97873B004AB0A8 /* ELCAsset.m in Sources */ = {isa = PBXBuildFile; fileRef = 8FA06BC91A97873B004AB0A8 /* ELCAsset.m */; };
		8FA06BDF1A97873B004AB0A8 /* ELCAssetCell.m in Sources */ = {isa = PBXBuildFile; fileRef = 8FA06BCB1A97873B004AB0A8 /* ELCAssetCell.m */; };
		8FA06BE01A97873B004AB0A8 /* ELCAssetTablePicker.m in Sources */ = {isa = PBXBuildFile; fileRef = 8FA06BCF1A97873B004AB0A8 /* ELCAssetTablePicker.m */; };
		8FA06BE11A97873B004AB0A8 /* ELCConsole.m in Sources */ = {isa = PBXBuildFile; fileRef = 8FA06BD11A97873B004AB0A8 /* ELCConsole.m */; };
		8FA06BE21A97873B004AB0A8 /* ELCImagePickerController.m in Sources */ = {isa = PBXBuildFile; fileRef = 8FA06BD31A97873B004AB0A8 /* ELCImagePickerController.m */; };
		8FA06BE31A97873B004AB0A8 /* ELCOverlayImageView.m in Sources */ = {isa = PBXBuildFile; fileRef = 8FA06BD61A97873B004AB0A8 /* ELCOverlayImageView.m */; };
		8FA06BE41A97873B004AB0A8 /* ELCAlbumPickerController.xib in Resources */ = {isa = PBXBuildFile; fileRef = 8FA06BD81A97873B004AB0A8 /* ELCAlbumPickerController.xib */; };
		8FA06BE51A97873B004AB0A8 /* ELCAssetPicker.xib in Resources */ = {isa = PBXBuildFile; fileRef = 8FA06BD91A97873B004AB0A8 /* ELCAssetPicker.xib */; };
		8FA06BE61A97873B004AB0A8 /* ELCAssetTablePicker.xib in Resources */ = {isa = PBXBuildFile; fileRef = 8FA06BDA1A97873B004AB0A8 /* ELCAssetTablePicker.xib */; };
		8FA06BE71A97873B004AB0A8 /* Overlay.png in Resources */ = {isa = PBXBuildFile; fileRef = 8FA06BDB1A97873B004AB0A8 /* Overlay.png */; };
		8FA06BE81A97873B004AB0A8 /* Overlay@2x.png in Resources */ = {isa = PBXBuildFile; fileRef = 8FA06BDC1A97873B004AB0A8 /* Overlay@2x.png */; };
		8FA06BF11A978FCC004AB0A8 /* Photo.m in Sources */ = {isa = PBXBuildFile; fileRef = 8FA06BF01A978FCC004AB0A8 /* Photo.m */; };
		8FA06BF41A978FCC004AB0A8 /* Album.m in Sources */ = {isa = PBXBuildFile; fileRef = 8FA06BF31A978FCC004AB0A8 /* Album.m */; };
		8FA06BF71A979010004AB0A8 /* Konsts.m in Sources */ = {isa = PBXBuildFile; fileRef = 8FA06BF61A979010004AB0A8 /* Konsts.m */; };
		8FA06BFB1A979ABE004AB0A8 /* SinglePhotoViewController.m in Sources */ = {isa = PBXBuildFile; fileRef = 8FA06BFA1A979ABE004AB0A8 /* SinglePhotoViewController.m */; };
		8FAAAEF21A921E0500C70BBC /* AlbumDetailCollectionViewController.m in Sources */ = {isa = PBXBuildFile; fileRef = 8FAAAEF11A921E0500C70BBC /* AlbumDetailCollectionViewController.m */; };
		8FAAAEF51A921E2100C70BBC /* PhotoCollectionViewCell.m in Sources */ = {isa = PBXBuildFile; fileRef = 8FAAAEF41A921E2100C70BBC /* PhotoCollectionViewCell.m */; };
		8FE29B271AA5B73D006FE22D /* Bolts.framework in Frameworks */ = {isa = PBXBuildFile; fileRef = 8FE29B221AA5B73D006FE22D /* Bolts.framework */; };
		8FE29B281AA5B73D006FE22D /* Parse.framework in Frameworks */ = {isa = PBXBuildFile; fileRef = 8FE29B231AA5B73D006FE22D /* Parse.framework */; };
		8FE29B291AA5B73D006FE22D /* ParseCrashReporting.framework in Frameworks */ = {isa = PBXBuildFile; fileRef = 8FE29B241AA5B73D006FE22D /* ParseCrashReporting.framework */; };
		8FE29B2A1AA5B73D006FE22D /* ParseFacebookUtils.framework in Frameworks */ = {isa = PBXBuildFile; fileRef = 8FE29B251AA5B73D006FE22D /* ParseFacebookUtils.framework */; };
		8FE29B2B1AA5B73D006FE22D /* ParseUI.framework in Frameworks */ = {isa = PBXBuildFile; fileRef = 8FE29B261AA5B73D006FE22D /* ParseUI.framework */; };
		8FE29B301AA5B97A006FE22D /* bg_green.png in Resources */ = {isa = PBXBuildFile; fileRef = 8FE29B2F1AA5B97A006FE22D /* bg_green.png */; };
		8FE29B321AA5BA77006FE22D /* Albumen_launch_font.png in Resources */ = {isa = PBXBuildFile; fileRef = 8FE29B311AA5BA77006FE22D /* Albumen_launch_font.png */; };
		8FE29B361AA5C7A7006FE22D /* AlbumTableCell.xib in Resources */ = {isa = PBXBuildFile; fileRef = 8FE29B351AA5C7A7006FE22D /* AlbumTableCell.xib */; };
		8FE29B3B1AA5C9C3006FE22D /* AlbumTableViewCell.m in Sources */ = {isa = PBXBuildFile; fileRef = 8FE29B3A1AA5C9C3006FE22D /* AlbumTableViewCell.m */; };
		8FE29B3D1AA6048D006FE22D /* no photo.png in Resources */ = {isa = PBXBuildFile; fileRef = 8FE29B3C1AA6048D006FE22D /* no photo.png */; };
/* End PBXBuildFile section */

/* Begin PBXContainerItemProxy section */
		8F8DA4761A920C1200F2C095 /* PBXContainerItemProxy */ = {
			isa = PBXContainerItemProxy;
			containerPortal = 8F8DA4511A920C1200F2C095 /* Project object */;
			proxyType = 1;
			remoteGlobalIDString = 8F8DA4581A920C1200F2C095;
			remoteInfo = "Albumen iOS Client";
		};
/* End PBXContainerItemProxy section */

/* Begin PBXFileReference section */
		8F5D0D4A1A94826400FE56F9 /* OrderFormationViewController.h */ = {isa = PBXFileReference; fileEncoding = 4; lastKnownFileType = sourcecode.c.h; path = OrderFormationViewController.h; sourceTree = "<group>"; };
		8F5D0D4B1A94826400FE56F9 /* OrderFormationViewController.m */ = {isa = PBXFileReference; fileEncoding = 4; lastKnownFileType = sourcecode.c.objc; path = OrderFormationViewController.m; sourceTree = "<group>"; };
		8F5D0D581A94850900FE56F9 /* AudioToolbox.framework */ = {isa = PBXFileReference; lastKnownFileType = wrapper.framework; name = AudioToolbox.framework; path = System/Library/Frameworks/AudioToolbox.framework; sourceTree = SDKROOT; };
		8F5D0D5A1A94851300FE56F9 /* CFNetwork.framework */ = {isa = PBXFileReference; lastKnownFileType = wrapper.framework; name = CFNetwork.framework; path = System/Library/Frameworks/CFNetwork.framework; sourceTree = SDKROOT; };
		8F5D0D5C1A94851D00FE56F9 /* CoreGraphics.framework */ = {isa = PBXFileReference; lastKnownFileType = wrapper.framework; name = CoreGraphics.framework; path = System/Library/Frameworks/CoreGraphics.framework; sourceTree = SDKROOT; };
		8F5D0D5E1A94852700FE56F9 /* CoreLocation.framework */ = {isa = PBXFileReference; lastKnownFileType = wrapper.framework; name = CoreLocation.framework; path = System/Library/Frameworks/CoreLocation.framework; sourceTree = SDKROOT; };
		8F5D0D601A94853000FE56F9 /* MobileCoreServices.framework */ = {isa = PBXFileReference; lastKnownFileType = wrapper.framework; name = MobileCoreServices.framework; path = System/Library/Frameworks/MobileCoreServices.framework; sourceTree = SDKROOT; };
		8F5D0D621A94853A00FE56F9 /* QuartzCore.framework */ = {isa = PBXFileReference; lastKnownFileType = wrapper.framework; name = QuartzCore.framework; path = System/Library/Frameworks/QuartzCore.framework; sourceTree = SDKROOT; };
		8F5D0D641A94854400FE56F9 /* Security.framework */ = {isa = PBXFileReference; lastKnownFileType = wrapper.framework; name = Security.framework; path = System/Library/Frameworks/Security.framework; sourceTree = SDKROOT; };
		8F5D0D661A94854D00FE56F9 /* StoreKit.framework */ = {isa = PBXFileReference; lastKnownFileType = wrapper.framework; name = StoreKit.framework; path = System/Library/Frameworks/StoreKit.framework; sourceTree = SDKROOT; };
		8F5D0D681A94855600FE56F9 /* SystemConfiguration.framework */ = {isa = PBXFileReference; lastKnownFileType = wrapper.framework; name = SystemConfiguration.framework; path = System/Library/Frameworks/SystemConfiguration.framework; sourceTree = SDKROOT; };
		8F5D0D6A1A94858800FE56F9 /* libz.dylib */ = {isa = PBXFileReference; lastKnownFileType = "compiled.mach-o.dylib"; name = libz.dylib; path = usr/lib/libz.dylib; sourceTree = SDKROOT; };
		8F5D0D6C1A94859400FE56F9 /* libsqlite3.dylib */ = {isa = PBXFileReference; lastKnownFileType = "compiled.mach-o.dylib"; name = libsqlite3.dylib; path = usr/lib/libsqlite3.dylib; sourceTree = SDKROOT; };
		8F8DA4591A920C1200F2C095 /* Albumen iOS Client.app */ = {isa = PBXFileReference; explicitFileType = wrapper.application; includeInIndex = 0; path = "Albumen iOS Client.app"; sourceTree = BUILT_PRODUCTS_DIR; };
		8F8DA45D1A920C1200F2C095 /* Info.plist */ = {isa = PBXFileReference; lastKnownFileType = text.plist.xml; path = Info.plist; sourceTree = "<group>"; };
		8F8DA45E1A920C1200F2C095 /* main.m */ = {isa = PBXFileReference; lastKnownFileType = sourcecode.c.objc; path = main.m; sourceTree = "<group>"; };
		8F8DA4601A920C1200F2C095 /* AppDelegate.h */ = {isa = PBXFileReference; lastKnownFileType = sourcecode.c.h; path = AppDelegate.h; sourceTree = "<group>"; };
		8F8DA4611A920C1200F2C095 /* AppDelegate.m */ = {isa = PBXFileReference; lastKnownFileType = sourcecode.c.objc; path = AppDelegate.m; sourceTree = "<group>"; };
		8F8DA4641A920C1200F2C095 /* Albumen_iOS_Client.xcdatamodel */ = {isa = PBXFileReference; lastKnownFileType = wrapper.xcdatamodel; path = Albumen_iOS_Client.xcdatamodel; sourceTree = "<group>"; };
		8F8DA4661A920C1200F2C095 /* ViewController.h */ = {isa = PBXFileReference; lastKnownFileType = sourcecode.c.h; path = ViewController.h; sourceTree = "<group>"; };
		8F8DA4671A920C1200F2C095 /* ViewController.m */ = {isa = PBXFileReference; lastKnownFileType = sourcecode.c.objc; path = ViewController.m; sourceTree = "<group>"; };
		8F8DA46A1A920C1200F2C095 /* Base */ = {isa = PBXFileReference; lastKnownFileType = file.storyboard; name = Base; path = Base.lproj/Main.storyboard; sourceTree = "<group>"; };
		8F8DA46C1A920C1200F2C095 /* Images.xcassets */ = {isa = PBXFileReference; lastKnownFileType = folder.assetcatalog; path = Images.xcassets; sourceTree = "<group>"; };
		8F8DA46F1A920C1200F2C095 /* Base */ = {isa = PBXFileReference; lastKnownFileType = file.xib; name = Base; path = Base.lproj/LaunchScreen.xib; sourceTree = "<group>"; };
		8F8DA4751A920C1200F2C095 /* Albumen iOS ClientTests.xctest */ = {isa = PBXFileReference; explicitFileType = wrapper.cfbundle; includeInIndex = 0; path = "Albumen iOS ClientTests.xctest"; sourceTree = BUILT_PRODUCTS_DIR; };
		8F8DA47A1A920C1200F2C095 /* Info.plist */ = {isa = PBXFileReference; lastKnownFileType = text.plist.xml; path = Info.plist; sourceTree = "<group>"; };
		8F8DA47B1A920C1200F2C095 /* Albumen_iOS_ClientTests.m */ = {isa = PBXFileReference; lastKnownFileType = sourcecode.c.objc; path = Albumen_iOS_ClientTests.m; sourceTree = "<group>"; };
		8F99602F1AB96DEA000DA5A3 /* OrderConfirmationViewController.h */ = {isa = PBXFileReference; fileEncoding = 4; lastKnownFileType = sourcecode.c.h; path = OrderConfirmationViewController.h; sourceTree = "<group>"; };
		8F9960301AB96DEA000DA5A3 /* OrderConfirmationViewController.m */ = {isa = PBXFileReference; fileEncoding = 4; lastKnownFileType = sourcecode.c.objc; path = OrderConfirmationViewController.m; sourceTree = "<group>"; };
		8F9960321AB9943B000DA5A3 /* bg_green@2x.png */ = {isa = PBXFileReference; lastKnownFileType = image.png; path = "bg_green@2x.png"; sourceTree = "<group>"; };
		8F9960351AB99888000DA5A3 /* IntroPageContentViewController.h */ = {isa = PBXFileReference; fileEncoding = 4; lastKnownFileType = sourcecode.c.h; path = IntroPageContentViewController.h; sourceTree = "<group>"; };
		8F9960361AB99888000DA5A3 /* IntroPageContentViewController.m */ = {isa = PBXFileReference; fileEncoding = 4; lastKnownFileType = sourcecode.c.objc; path = IntroPageContentViewController.m; sourceTree = "<group>"; };
		8F9960381AB9990F000DA5A3 /* EntranceViewController.h */ = {isa = PBXFileReference; fileEncoding = 4; lastKnownFileType = sourcecode.c.h; path = EntranceViewController.h; sourceTree = "<group>"; };
		8F9960391AB9990F000DA5A3 /* EntranceViewController.m */ = {isa = PBXFileReference; fileEncoding = 4; lastKnownFileType = sourcecode.c.objc; path = EntranceViewController.m; sourceTree = "<group>"; };
		8F99603B1AB99F3A000DA5A3 /* intro_page3.png */ = {isa = PBXFileReference; lastKnownFileType = image.png; path = intro_page3.png; sourceTree = "<group>"; };
		8F99603C1AB99F3A000DA5A3 /* intro_page4.png */ = {isa = PBXFileReference; lastKnownFileType = image.png; path = intro_page4.png; sourceTree = "<group>"; };
		8F99603D1AB99F3A000DA5A3 /* intro_page2.png */ = {isa = PBXFileReference; lastKnownFileType = image.png; path = intro_page2.png; sourceTree = "<group>"; };
		8F99603E1AB99F3A000DA5A3 /* intro_page1.png */ = {isa = PBXFileReference; lastKnownFileType = image.png; path = intro_page1.png; sourceTree = "<group>"; };
		8FA06BC61A97873B004AB0A8 /* ELCAlbumPickerController.h */ = {isa = PBXFileReference; fileEncoding = 4; lastKnownFileType = sourcecode.c.h; path = ELCAlbumPickerController.h; sourceTree = "<group>"; };
		8FA06BC71A97873B004AB0A8 /* ELCAlbumPickerController.m */ = {isa = PBXFileReference; fileEncoding = 4; lastKnownFileType = sourcecode.c.objc; path = ELCAlbumPickerController.m; sourceTree = "<group>"; };
		8FA06BC81A97873B004AB0A8 /* ELCAsset.h */ = {isa = PBXFileReference; fileEncoding = 4; lastKnownFileType = sourcecode.c.h; path = ELCAsset.h; sourceTree = "<group>"; };
		8FA06BC91A97873B004AB0A8 /* ELCAsset.m */ = {isa = PBXFileReference; fileEncoding = 4; lastKnownFileType = sourcecode.c.objc; path = ELCAsset.m; sourceTree = "<group>"; };
		8FA06BCA1A97873B004AB0A8 /* ELCAssetCell.h */ = {isa = PBXFileReference; fileEncoding = 4; lastKnownFileType = sourcecode.c.h; path = ELCAssetCell.h; sourceTree = "<group>"; };
		8FA06BCB1A97873B004AB0A8 /* ELCAssetCell.m */ = {isa = PBXFileReference; fileEncoding = 4; lastKnownFileType = sourcecode.c.objc; path = ELCAssetCell.m; sourceTree = "<group>"; };
		8FA06BCC1A97873B004AB0A8 /* ELCAssetPickerFilterDelegate.h */ = {isa = PBXFileReference; fileEncoding = 4; lastKnownFileType = sourcecode.c.h; path = ELCAssetPickerFilterDelegate.h; sourceTree = "<group>"; };
		8FA06BCD1A97873B004AB0A8 /* ELCAssetSelectionDelegate.h */ = {isa = PBXFileReference; fileEncoding = 4; lastKnownFileType = sourcecode.c.h; path = ELCAssetSelectionDelegate.h; sourceTree = "<group>"; };
		8FA06BCE1A97873B004AB0A8 /* ELCAssetTablePicker.h */ = {isa = PBXFileReference; fileEncoding = 4; lastKnownFileType = sourcecode.c.h; path = ELCAssetTablePicker.h; sourceTree = "<group>"; };
		8FA06BCF1A97873B004AB0A8 /* ELCAssetTablePicker.m */ = {isa = PBXFileReference; fileEncoding = 4; lastKnownFileType = sourcecode.c.objc; path = ELCAssetTablePicker.m; sourceTree = "<group>"; };
		8FA06BD01A97873B004AB0A8 /* ELCConsole.h */ = {isa = PBXFileReference; fileEncoding = 4; lastKnownFileType = sourcecode.c.h; path = ELCConsole.h; sourceTree = "<group>"; };
		8FA06BD11A97873B004AB0A8 /* ELCConsole.m */ = {isa = PBXFileReference; fileEncoding = 4; lastKnownFileType = sourcecode.c.objc; path = ELCConsole.m; sourceTree = "<group>"; };
		8FA06BD21A97873B004AB0A8 /* ELCImagePickerController.h */ = {isa = PBXFileReference; fileEncoding = 4; lastKnownFileType = sourcecode.c.h; path = ELCImagePickerController.h; sourceTree = "<group>"; };
		8FA06BD31A97873B004AB0A8 /* ELCImagePickerController.m */ = {isa = PBXFileReference; fileEncoding = 4; lastKnownFileType = sourcecode.c.objc; path = ELCImagePickerController.m; sourceTree = "<group>"; };
		8FA06BD41A97873B004AB0A8 /* ELCImagePickerHeader.h */ = {isa = PBXFileReference; fileEncoding = 4; lastKnownFileType = sourcecode.c.h; path = ELCImagePickerHeader.h; sourceTree = "<group>"; };
		8FA06BD51A97873B004AB0A8 /* ELCOverlayImageView.h */ = {isa = PBXFileReference; fileEncoding = 4; lastKnownFileType = sourcecode.c.h; path = ELCOverlayImageView.h; sourceTree = "<group>"; };
		8FA06BD61A97873B004AB0A8 /* ELCOverlayImageView.m */ = {isa = PBXFileReference; fileEncoding = 4; lastKnownFileType = sourcecode.c.objc; path = ELCOverlayImageView.m; sourceTree = "<group>"; };
		8FA06BD81A97873B004AB0A8 /* ELCAlbumPickerController.xib */ = {isa = PBXFileReference; fileEncoding = 4; lastKnownFileType = file.xib; path = ELCAlbumPickerController.xib; sourceTree = "<group>"; };
		8FA06BD91A97873B004AB0A8 /* ELCAssetPicker.xib */ = {isa = PBXFileReference; fileEncoding = 4; lastKnownFileType = file.xib; path = ELCAssetPicker.xib; sourceTree = "<group>"; };
		8FA06BDA1A97873B004AB0A8 /* ELCAssetTablePicker.xib */ = {isa = PBXFileReference; fileEncoding = 4; lastKnownFileType = file.xib; path = ELCAssetTablePicker.xib; sourceTree = "<group>"; };
		8FA06BDB1A97873B004AB0A8 /* Overlay.png */ = {isa = PBXFileReference; lastKnownFileType = image.png; path = Overlay.png; sourceTree = "<group>"; };
		8FA06BDC1A97873B004AB0A8 /* Overlay@2x.png */ = {isa = PBXFileReference; lastKnownFileType = image.png; path = "Overlay@2x.png"; sourceTree = "<group>"; };
		8FA06BEF1A978FCC004AB0A8 /* Photo.h */ = {isa = PBXFileReference; fileEncoding = 4; lastKnownFileType = sourcecode.c.h; path = Photo.h; sourceTree = "<group>"; };
		8FA06BF01A978FCC004AB0A8 /* Photo.m */ = {isa = PBXFileReference; fileEncoding = 4; lastKnownFileType = sourcecode.c.objc; path = Photo.m; sourceTree = "<group>"; };
		8FA06BF21A978FCC004AB0A8 /* Album.h */ = {isa = PBXFileReference; fileEncoding = 4; lastKnownFileType = sourcecode.c.h; path = Album.h; sourceTree = "<group>"; };
		8FA06BF31A978FCC004AB0A8 /* Album.m */ = {isa = PBXFileReference; fileEncoding = 4; lastKnownFileType = sourcecode.c.objc; path = Album.m; sourceTree = "<group>"; };
		8FA06BF51A979010004AB0A8 /* Konsts.h */ = {isa = PBXFileReference; fileEncoding = 4; lastKnownFileType = sourcecode.c.h; path = Konsts.h; sourceTree = "<group>"; };
		8FA06BF61A979010004AB0A8 /* Konsts.m */ = {isa = PBXFileReference; fileEncoding = 4; lastKnownFileType = sourcecode.c.objc; path = Konsts.m; sourceTree = "<group>"; };
		8FA06BF91A979ABE004AB0A8 /* SinglePhotoViewController.h */ = {isa = PBXFileReference; fileEncoding = 4; lastKnownFileType = sourcecode.c.h; path = SinglePhotoViewController.h; sourceTree = "<group>"; };
		8FA06BFA1A979ABE004AB0A8 /* SinglePhotoViewController.m */ = {isa = PBXFileReference; fileEncoding = 4; lastKnownFileType = sourcecode.c.objc; path = SinglePhotoViewController.m; sourceTree = "<group>"; };
		8FAAAEF01A921E0500C70BBC /* AlbumDetailCollectionViewController.h */ = {isa = PBXFileReference; fileEncoding = 4; lastKnownFileType = sourcecode.c.h; path = AlbumDetailCollectionViewController.h; sourceTree = "<group>"; };
		8FAAAEF11A921E0500C70BBC /* AlbumDetailCollectionViewController.m */ = {isa = PBXFileReference; fileEncoding = 4; lastKnownFileType = sourcecode.c.objc; path = AlbumDetailCollectionViewController.m; sourceTree = "<group>"; };
		8FAAAEF31A921E2100C70BBC /* PhotoCollectionViewCell.h */ = {isa = PBXFileReference; fileEncoding = 4; lastKnownFileType = sourcecode.c.h; path = PhotoCollectionViewCell.h; sourceTree = "<group>"; };
		8FAAAEF41A921E2100C70BBC /* PhotoCollectionViewCell.m */ = {isa = PBXFileReference; fileEncoding = 4; lastKnownFileType = sourcecode.c.objc; path = PhotoCollectionViewCell.m; sourceTree = "<group>"; };
		8FE29B221AA5B73D006FE22D /* Bolts.framework */ = {isa = PBXFileReference; lastKnownFileType = wrapper.framework; path = Bolts.framework; sourceTree = "<group>"; };
		8FE29B231AA5B73D006FE22D /* Parse.framework */ = {isa = PBXFileReference; lastKnownFileType = wrapper.framework; path = Parse.framework; sourceTree = "<group>"; };
		8FE29B241AA5B73D006FE22D /* ParseCrashReporting.framework */ = {isa = PBXFileReference; lastKnownFileType = wrapper.framework; path = ParseCrashReporting.framework; sourceTree = "<group>"; };
		8FE29B251AA5B73D006FE22D /* ParseFacebookUtils.framework */ = {isa = PBXFileReference; lastKnownFileType = wrapper.framework; path = ParseFacebookUtils.framework; sourceTree = "<group>"; };
		8FE29B261AA5B73D006FE22D /* ParseUI.framework */ = {isa = PBXFileReference; lastKnownFileType = wrapper.framework; path = ParseUI.framework; sourceTree = "<group>"; };
		8FE29B2F1AA5B97A006FE22D /* bg_green.png */ = {isa = PBXFileReference; lastKnownFileType = image.png; path = bg_green.png; sourceTree = "<group>"; };
		8FE29B311AA5BA77006FE22D /* Albumen_launch_font.png */ = {isa = PBXFileReference; lastKnownFileType = image.png; path = Albumen_launch_font.png; sourceTree = "<group>"; };
		8FE29B351AA5C7A7006FE22D /* AlbumTableCell.xib */ = {isa = PBXFileReference; fileEncoding = 4; lastKnownFileType = file.xib; path = AlbumTableCell.xib; sourceTree = "<group>"; };
		8FE29B391AA5C9C3006FE22D /* AlbumTableViewCell.h */ = {isa = PBXFileReference; fileEncoding = 4; lastKnownFileType = sourcecode.c.h; path = AlbumTableViewCell.h; sourceTree = "<group>"; };
		8FE29B3A1AA5C9C3006FE22D /* AlbumTableViewCell.m */ = {isa = PBXFileReference; fileEncoding = 4; lastKnownFileType = sourcecode.c.objc; path = AlbumTableViewCell.m; sourceTree = "<group>"; };
		8FE29B3C1AA6048D006FE22D /* no photo.png */ = {isa = PBXFileReference; lastKnownFileType = image.png; path = "no photo.png"; sourceTree = "<group>"; };
/* End PBXFileReference section */

/* Begin PBXFrameworksBuildPhase section */
		8F8DA4561A920C1200F2C095 /* Frameworks */ = {
			isa = PBXFrameworksBuildPhase;
			buildActionMask = 2147483647;
			files = (
				8F5D0D6D1A94859400FE56F9 /* libsqlite3.dylib in Frameworks */,
				8F5D0D6B1A94858800FE56F9 /* libz.dylib in Frameworks */,
				8F5D0D691A94855600FE56F9 /* SystemConfiguration.framework in Frameworks */,
				8F5D0D671A94854D00FE56F9 /* StoreKit.framework in Frameworks */,
				8F5D0D651A94854400FE56F9 /* Security.framework in Frameworks */,
				8F5D0D631A94853A00FE56F9 /* QuartzCore.framework in Frameworks */,
				8F5D0D611A94853000FE56F9 /* MobileCoreServices.framework in Frameworks */,
				8F5D0D5F1A94852700FE56F9 /* CoreLocation.framework in Frameworks */,
				8F5D0D5D1A94851D00FE56F9 /* CoreGraphics.framework in Frameworks */,
				8FE29B2B1AA5B73D006FE22D /* ParseUI.framework in Frameworks */,
				8F5D0D5B1A94851300FE56F9 /* CFNetwork.framework in Frameworks */,
				8FE29B291AA5B73D006FE22D /* ParseCrashReporting.framework in Frameworks */,
				8FE29B281AA5B73D006FE22D /* Parse.framework in Frameworks */,
				8F5D0D591A94850900FE56F9 /* AudioToolbox.framework in Frameworks */,
				8FE29B271AA5B73D006FE22D /* Bolts.framework in Frameworks */,
				8FE29B2A1AA5B73D006FE22D /* ParseFacebookUtils.framework in Frameworks */,
			);
			runOnlyForDeploymentPostprocessing = 0;
		};
		8F8DA4721A920C1200F2C095 /* Frameworks */ = {
			isa = PBXFrameworksBuildPhase;
			buildActionMask = 2147483647;
			files = (
			);
			runOnlyForDeploymentPostprocessing = 0;
		};
/* End PBXFrameworksBuildPhase section */

/* Begin PBXGroup section */
		8F5D0D4D1A94827000FE56F9 /* Order Formation */ = {
			isa = PBXGroup;
			children = (
				8F5D0D4A1A94826400FE56F9 /* OrderFormationViewController.h */,
				8F5D0D4B1A94826400FE56F9 /* OrderFormationViewController.m */,
			);
			name = "Order Formation";
			sourceTree = "<group>";
		};
		8F5D0D6E1A9485A300FE56F9 /* Frameworks */ = {
			isa = PBXGroup;
			children = (
				8FE29B221AA5B73D006FE22D /* Bolts.framework */,
				8FE29B231AA5B73D006FE22D /* Parse.framework */,
				8FE29B241AA5B73D006FE22D /* ParseCrashReporting.framework */,
				8FE29B251AA5B73D006FE22D /* ParseFacebookUtils.framework */,
				8FE29B261AA5B73D006FE22D /* ParseUI.framework */,
				8F5D0D6C1A94859400FE56F9 /* libsqlite3.dylib */,
				8F5D0D6A1A94858800FE56F9 /* libz.dylib */,
				8F5D0D681A94855600FE56F9 /* SystemConfiguration.framework */,
				8F5D0D661A94854D00FE56F9 /* StoreKit.framework */,
				8F5D0D641A94854400FE56F9 /* Security.framework */,
				8F5D0D621A94853A00FE56F9 /* QuartzCore.framework */,
				8F5D0D601A94853000FE56F9 /* MobileCoreServices.framework */,
				8F5D0D5E1A94852700FE56F9 /* CoreLocation.framework */,
				8F5D0D5C1A94851D00FE56F9 /* CoreGraphics.framework */,
				8F5D0D5A1A94851300FE56F9 /* CFNetwork.framework */,
				8F5D0D581A94850900FE56F9 /* AudioToolbox.framework */,
			);
			name = Frameworks;
			path = ..;
			sourceTree = "<group>";
		};
		8F8DA4501A920C1200F2C095 = {
			isa = PBXGroup;
			children = (
				8F8DA45B1A920C1200F2C095 /* Albumen iOS Client */,
				8F8DA4781A920C1200F2C095 /* Albumen iOS ClientTests */,
				8F8DA45A1A920C1200F2C095 /* Products */,
			);
			sourceTree = "<group>";
		};
		8F8DA45A1A920C1200F2C095 /* Products */ = {
			isa = PBXGroup;
			children = (
				8F8DA4591A920C1200F2C095 /* Albumen iOS Client.app */,
				8F8DA4751A920C1200F2C095 /* Albumen iOS ClientTests.xctest */,
			);
			name = Products;
			sourceTree = "<group>";
		};
		8F8DA45B1A920C1200F2C095 /* Albumen iOS Client */ = {
			isa = PBXGroup;
			children = (
				8F8DA4601A920C1200F2C095 /* AppDelegate.h */,
				8F8DA4611A920C1200F2C095 /* AppDelegate.m */,
				8F9960341AB9986D000DA5A3 /* Intro  */,
				8FA06BF81A979017004AB0A8 /* Consts */,
				8FAAAEF71A921E3E00C70BBC /* Album Controller */,
				8FAAAEF61A921E2B00C70BBC /* Album Detail */,
				8F99602E1AB96DCF000DA5A3 /* Order Confirmation */,
				8F5D0D4D1A94827000FE56F9 /* Order Formation */,
				8F8DA4691A920C1200F2C095 /* Main.storyboard */,
				8F8DA46C1A920C1200F2C095 /* Images.xcassets */,
				8F8DA46E1A920C1200F2C095 /* LaunchScreen.xib */,
				8F8DA4631A920C1200F2C095 /* Albumen_iOS_Client.xcdatamodeld */,
				8FAAAEF81A921E5E00C70BBC /* Models */,
				8F8DA45C1A920C1200F2C095 /* Supporting Files */,
			);
			path = "Albumen iOS Client";
			sourceTree = "<group>";
		};
		8F8DA45C1A920C1200F2C095 /* Supporting Files */ = {
			isa = PBXGroup;
			children = (
				8FE29B2E1AA5B83E006FE22D /* images */,
				8FA06BC51A97873B004AB0A8 /* ELCImagePicker */,
				8F5D0D6E1A9485A300FE56F9 /* Frameworks */,
				8F8DA45D1A920C1200F2C095 /* Info.plist */,
				8F8DA45E1A920C1200F2C095 /* main.m */,
			);
			name = "Supporting Files";
			sourceTree = "<group>";
		};
		8F8DA4781A920C1200F2C095 /* Albumen iOS ClientTests */ = {
			isa = PBXGroup;
			children = (
				8F8DA47B1A920C1200F2C095 /* Albumen_iOS_ClientTests.m */,
				8F8DA4791A920C1200F2C095 /* Supporting Files */,
			);
			path = "Albumen iOS ClientTests";
			sourceTree = "<group>";
		};
		8F8DA4791A920C1200F2C095 /* Supporting Files */ = {
			isa = PBXGroup;
			children = (
				8F8DA47A1A920C1200F2C095 /* Info.plist */,
			);
			name = "Supporting Files";
			sourceTree = "<group>";
		};
		8F99602E1AB96DCF000DA5A3 /* Order Confirmation */ = {
			isa = PBXGroup;
			children = (
				8F99602F1AB96DEA000DA5A3 /* OrderConfirmationViewController.h */,
				8F9960301AB96DEA000DA5A3 /* OrderConfirmationViewController.m */,
			);
			name = "Order Confirmation";
			sourceTree = "<group>";
		};
		8F9960341AB9986D000DA5A3 /* Intro  */ = {
			isa = PBXGroup;
			children = (
				8F9960351AB99888000DA5A3 /* IntroPageContentViewController.h */,
				8F9960361AB99888000DA5A3 /* IntroPageContentViewController.m */,
				8F9960381AB9990F000DA5A3 /* EntranceViewController.h */,
				8F9960391AB9990F000DA5A3 /* EntranceViewController.m */,
			);
			name = "Intro ";
			sourceTree = "<group>";
		};
		8F9960431AB99F3E000DA5A3 /* intro pages */ = {
			isa = PBXGroup;
			children = (
				8F99603B1AB99F3A000DA5A3 /* intro_page3.png */,
				8F99603C1AB99F3A000DA5A3 /* intro_page4.png */,
				8F99603D1AB99F3A000DA5A3 /* intro_page2.png */,
				8F99603E1AB99F3A000DA5A3 /* intro_page1.png */,
			);
			name = "intro pages";
			sourceTree = "<group>";
		};
		8FA06BC51A97873B004AB0A8 /* ELCImagePicker */ = {
			isa = PBXGroup;
			children = (
				8FA06BC61A97873B004AB0A8 /* ELCAlbumPickerController.h */,
				8FA06BC71A97873B004AB0A8 /* ELCAlbumPickerController.m */,
				8FA06BC81A97873B004AB0A8 /* ELCAsset.h */,
				8FA06BC91A97873B004AB0A8 /* ELCAsset.m */,
				8FA06BCA1A97873B004AB0A8 /* ELCAssetCell.h */,
				8FA06BCB1A97873B004AB0A8 /* ELCAssetCell.m */,
				8FA06BCC1A97873B004AB0A8 /* ELCAssetPickerFilterDelegate.h */,
				8FA06BCD1A97873B004AB0A8 /* ELCAssetSelectionDelegate.h */,
				8FA06BCE1A97873B004AB0A8 /* ELCAssetTablePicker.h */,
				8FA06BCF1A97873B004AB0A8 /* ELCAssetTablePicker.m */,
				8FA06BD01A97873B004AB0A8 /* ELCConsole.h */,
				8FA06BD11A97873B004AB0A8 /* ELCConsole.m */,
				8FA06BD21A97873B004AB0A8 /* ELCImagePickerController.h */,
				8FA06BD31A97873B004AB0A8 /* ELCImagePickerController.m */,
				8FA06BD41A97873B004AB0A8 /* ELCImagePickerHeader.h */,
				8FA06BD51A97873B004AB0A8 /* ELCOverlayImageView.h */,
				8FA06BD61A97873B004AB0A8 /* ELCOverlayImageView.m */,
				8FA06BD71A97873B004AB0A8 /* Resources */,
			);
			path = ELCImagePicker;
			sourceTree = "<group>";
		};
		8FA06BD71A97873B004AB0A8 /* Resources */ = {
			isa = PBXGroup;
			children = (
				8FA06BD81A97873B004AB0A8 /* ELCAlbumPickerController.xib */,
				8FA06BD91A97873B004AB0A8 /* ELCAssetPicker.xib */,
				8FA06BDA1A97873B004AB0A8 /* ELCAssetTablePicker.xib */,
				8FA06BDB1A97873B004AB0A8 /* Overlay.png */,
				8FA06BDC1A97873B004AB0A8 /* Overlay@2x.png */,
			);
			path = Resources;
			sourceTree = "<group>";
		};
		8FA06BF81A979017004AB0A8 /* Consts */ = {
			isa = PBXGroup;
			children = (
				8FA06BF51A979010004AB0A8 /* Konsts.h */,
				8FA06BF61A979010004AB0A8 /* Konsts.m */,
			);
			name = Consts;
			sourceTree = "<group>";
		};
		8FA06BFC1A979AC7004AB0A8 /* Single Photo */ = {
			isa = PBXGroup;
			children = (
				8FA06BF91A979ABE004AB0A8 /* SinglePhotoViewController.h */,
				8FA06BFA1A979ABE004AB0A8 /* SinglePhotoViewController.m */,
			);
			name = "Single Photo";
			sourceTree = "<group>";
		};
		8FAAAEF61A921E2B00C70BBC /* Album Detail */ = {
			isa = PBXGroup;
			children = (
				8FAAAEF01A921E0500C70BBC /* AlbumDetailCollectionViewController.h */,
				8FAAAEF11A921E0500C70BBC /* AlbumDetailCollectionViewController.m */,
				8FAAAEF31A921E2100C70BBC /* PhotoCollectionViewCell.h */,
				8FAAAEF41A921E2100C70BBC /* PhotoCollectionViewCell.m */,
				8FA06BFC1A979AC7004AB0A8 /* Single Photo */,
			);
			name = "Album Detail";
			sourceTree = "<group>";
		};
		8FAAAEF71A921E3E00C70BBC /* Album Controller */ = {
			isa = PBXGroup;
			children = (
				8F8DA4661A920C1200F2C095 /* ViewController.h */,
				8F8DA4671A920C1200F2C095 /* ViewController.m */,
				8FE29B351AA5C7A7006FE22D /* AlbumTableCell.xib */,
				8FE29B391AA5C9C3006FE22D /* AlbumTableViewCell.h */,
				8FE29B3A1AA5C9C3006FE22D /* AlbumTableViewCell.m */,
			);
			name = "Album Controller";
			sourceTree = "<group>";
		};
		8FAAAEF81A921E5E00C70BBC /* Models */ = {
			isa = PBXGroup;
			children = (
				8FA06BF21A978FCC004AB0A8 /* Album.h */,
				8FA06BF31A978FCC004AB0A8 /* Album.m */,
				8FA06BEF1A978FCC004AB0A8 /* Photo.h */,
				8FA06BF01A978FCC004AB0A8 /* Photo.m */,
			);
			name = Models;
			sourceTree = "<group>";
		};
		8FE29B2E1AA5B83E006FE22D /* images */ = {
			isa = PBXGroup;
			children = (
				8F9960431AB99F3E000DA5A3 /* intro pages */,
				8F9960321AB9943B000DA5A3 /* bg_green@2x.png */,
				8FE29B3C1AA6048D006FE22D /* no photo.png */,
				8FE29B311AA5BA77006FE22D /* Albumen_launch_font.png */,
				8FE29B2F1AA5B97A006FE22D /* bg_green.png */,
			);
			name = images;
			sourceTree = "<group>";
		};
/* End PBXGroup section */

/* Begin PBXNativeTarget section */
		8F8DA4581A920C1200F2C095 /* Albumen iOS Client */ = {
			isa = PBXNativeTarget;
			buildConfigurationList = 8F8DA47F1A920C1200F2C095 /* Build configuration list for PBXNativeTarget "Albumen iOS Client" */;
			buildPhases = (
				8F8DA4551A920C1200F2C095 /* Sources */,
				8F8DA4561A920C1200F2C095 /* Frameworks */,
				8F8DA4571A920C1200F2C095 /* Resources */,
			);
			buildRules = (
			);
			dependencies = (
			);
			name = "Albumen iOS Client";
			productName = "Albumen iOS Client";
			productReference = 8F8DA4591A920C1200F2C095 /* Albumen iOS Client.app */;
			productType = "com.apple.product-type.application";
		};
		8F8DA4741A920C1200F2C095 /* Albumen iOS ClientTests */ = {
			isa = PBXNativeTarget;
			buildConfigurationList = 8F8DA4821A920C1200F2C095 /* Build configuration list for PBXNativeTarget "Albumen iOS ClientTests" */;
			buildPhases = (
				8F8DA4711A920C1200F2C095 /* Sources */,
				8F8DA4721A920C1200F2C095 /* Frameworks */,
				8F8DA4731A920C1200F2C095 /* Resources */,
			);
			buildRules = (
			);
			dependencies = (
				8F8DA4771A920C1200F2C095 /* PBXTargetDependency */,
			);
			name = "Albumen iOS ClientTests";
			productName = "Albumen iOS ClientTests";
			productReference = 8F8DA4751A920C1200F2C095 /* Albumen iOS ClientTests.xctest */;
			productType = "com.apple.product-type.bundle.unit-test";
		};
/* End PBXNativeTarget section */

/* Begin PBXProject section */
		8F8DA4511A920C1200F2C095 /* Project object */ = {
			isa = PBXProject;
			attributes = {
				LastUpgradeCheck = 0610;
				ORGANIZATIONNAME = intellection;
				TargetAttributes = {
					8F8DA4581A920C1200F2C095 = {
						CreatedOnToolsVersion = 6.1.1;
					};
					8F8DA4741A920C1200F2C095 = {
						CreatedOnToolsVersion = 6.1.1;
						TestTargetID = 8F8DA4581A920C1200F2C095;
					};
				};
			};
			buildConfigurationList = 8F8DA4541A920C1200F2C095 /* Build configuration list for PBXProject "Albumen iOS Client" */;
			compatibilityVersion = "Xcode 3.2";
			developmentRegion = English;
			hasScannedForEncodings = 0;
			knownRegions = (
				en,
				Base,
			);
			mainGroup = 8F8DA4501A920C1200F2C095;
			productRefGroup = 8F8DA45A1A920C1200F2C095 /* Products */;
			projectDirPath = "";
			projectRoot = "";
			targets = (
				8F8DA4581A920C1200F2C095 /* Albumen iOS Client */,
				8F8DA4741A920C1200F2C095 /* Albumen iOS ClientTests */,
			);
		};
/* End PBXProject section */

/* Begin PBXResourcesBuildPhase section */
		8F8DA4571A920C1200F2C095 /* Resources */ = {
			isa = PBXResourcesBuildPhase;
			buildActionMask = 2147483647;
			files = (
				8FA06BE61A97873B004AB0A8 /* ELCAssetTablePicker.xib in Resources */,
				8FA06BE41A97873B004AB0A8 /* ELCAlbumPickerController.xib in Resources */,
				8FA06BE71A97873B004AB0A8 /* Overlay.png in Resources */,
				8F8DA46B1A920C1200F2C095 /* Main.storyboard in Resources */,
				8F8DA4701A920C1200F2C095 /* LaunchScreen.xib in Resources */,
				8F99603F1AB99F3A000DA5A3 /* intro_page3.png in Resources */,
				8FE29B301AA5B97A006FE22D /* bg_green.png in Resources */,
				8F9960401AB99F3A000DA5A3 /* intro_page4.png in Resources */,
				8FE29B321AA5BA77006FE22D /* Albumen_launch_font.png in Resources */,
				8FE29B361AA5C7A7006FE22D /* AlbumTableCell.xib in Resources */,
				8F9960331AB9943B000DA5A3 /* bg_green@2x.png in Resources */,
				8FE29B3D1AA6048D006FE22D /* no photo.png in Resources */,
				8F9960411AB99F3A000DA5A3 /* intro_page2.png in Resources */,
				8FA06BE81A97873B004AB0A8 /* Overlay@2x.png in Resources */,
				8F8DA46D1A920C1200F2C095 /* Images.xcassets in Resources */,
				8F9960421AB99F3A000DA5A3 /* intro_page1.png in Resources */,
				8FA06BE51A97873B004AB0A8 /* ELCAssetPicker.xib in Resources */,
			);
			runOnlyForDeploymentPostprocessing = 0;
		};
		8F8DA4731A920C1200F2C095 /* Resources */ = {
			isa = PBXResourcesBuildPhase;
			buildActionMask = 2147483647;
			files = (
			);
			runOnlyForDeploymentPostprocessing = 0;
		};
/* End PBXResourcesBuildPhase section */

/* Begin PBXSourcesBuildPhase section */
		8F8DA4551A920C1200F2C095 /* Sources */ = {
			isa = PBXSourcesBuildPhase;
			buildActionMask = 2147483647;
			files = (
				8FA06BDD1A97873B004AB0A8 /* ELCAlbumPickerController.m in Sources */,
				8FA06BE01A97873B004AB0A8 /* ELCAssetTablePicker.m in Sources */,
				8FA06BE21A97873B004AB0A8 /* ELCImagePickerController.m in Sources */,
				8FA06BF71A979010004AB0A8 /* Konsts.m in Sources */,
				8FA06BF41A978FCC004AB0A8 /* Album.m in Sources */,
				8FA06BF11A978FCC004AB0A8 /* Photo.m in Sources */,
				8FA06BE11A97873B004AB0A8 /* ELCConsole.m in Sources */,
				8FA06BE31A97873B004AB0A8 /* ELCOverlayImageView.m in Sources */,
				8F9960311AB96DEA000DA5A3 /* OrderConfirmationViewController.m in Sources */,
				8FAAAEF51A921E2100C70BBC /* PhotoCollectionViewCell.m in Sources */,
				8F5D0D4C1A94826400FE56F9 /* OrderFormationViewController.m in Sources */,
				8F8DA4651A920C1200F2C095 /* Albumen_iOS_Client.xcdatamodeld in Sources */,
				8F9960371AB99888000DA5A3 /* IntroPageContentViewController.m in Sources */,
				8FA06BFB1A979ABE004AB0A8 /* SinglePhotoViewController.m in Sources */,
				8F99603A1AB9990F000DA5A3 /* EntranceViewController.m in Sources */,
				8FA06BDE1A97873B004AB0A8 /* ELCAsset.m in Sources */,
				8FA06BDF1A97873B004AB0A8 /* ELCAssetCell.m in Sources */,
				8F8DA4621A920C1200F2C095 /* AppDelegate.m in Sources */,
				8F8DA4681A920C1200F2C095 /* ViewController.m in Sources */,
				8F8DA45F1A920C1200F2C095 /* main.m in Sources */,
				8FAAAEF21A921E0500C70BBC /* AlbumDetailCollectionViewController.m in Sources */,
				8FE29B3B1AA5C9C3006FE22D /* AlbumTableViewCell.m in Sources */,
			);
			runOnlyForDeploymentPostprocessing = 0;
		};
		8F8DA4711A920C1200F2C095 /* Sources */ = {
			isa = PBXSourcesBuildPhase;
			buildActionMask = 2147483647;
			files = (
				8F8DA47C1A920C1200F2C095 /* Albumen_iOS_ClientTests.m in Sources */,
			);
			runOnlyForDeploymentPostprocessing = 0;
		};
/* End PBXSourcesBuildPhase section */

/* Begin PBXTargetDependency section */
		8F8DA4771A920C1200F2C095 /* PBXTargetDependency */ = {
			isa = PBXTargetDependency;
			target = 8F8DA4581A920C1200F2C095 /* Albumen iOS Client */;
			targetProxy = 8F8DA4761A920C1200F2C095 /* PBXContainerItemProxy */;
		};
/* End PBXTargetDependency section */

/* Begin PBXVariantGroup section */
		8F8DA4691A920C1200F2C095 /* Main.storyboard */ = {
			isa = PBXVariantGroup;
			children = (
				8F8DA46A1A920C1200F2C095 /* Base */,
			);
			name = Main.storyboard;
			sourceTree = "<group>";
		};
		8F8DA46E1A920C1200F2C095 /* LaunchScreen.xib */ = {
			isa = PBXVariantGroup;
			children = (
				8F8DA46F1A920C1200F2C095 /* Base */,
			);
			name = LaunchScreen.xib;
			sourceTree = "<group>";
		};
/* End PBXVariantGroup section */

/* Begin XCBuildConfiguration section */
		8F8DA47D1A920C1200F2C095 /* Debug */ = {
			isa = XCBuildConfiguration;
			buildSettings = {
				ALWAYS_SEARCH_USER_PATHS = NO;
				CLANG_CXX_LANGUAGE_STANDARD = "gnu++0x";
				CLANG_CXX_LIBRARY = "libc++";
				CLANG_ENABLE_MODULES = YES;
				CLANG_ENABLE_OBJC_ARC = YES;
				CLANG_WARN_BOOL_CONVERSION = YES;
				CLANG_WARN_CONSTANT_CONVERSION = YES;
				CLANG_WARN_DIRECT_OBJC_ISA_USAGE = YES_ERROR;
				CLANG_WARN_EMPTY_BODY = YES;
				CLANG_WARN_ENUM_CONVERSION = YES;
				CLANG_WARN_INT_CONVERSION = YES;
				CLANG_WARN_OBJC_ROOT_CLASS = YES_ERROR;
				CLANG_WARN_UNREACHABLE_CODE = YES;
				CLANG_WARN__DUPLICATE_METHOD_MATCH = YES;
				"CODE_SIGN_IDENTITY[sdk=iphoneos*]" = "iPhone Developer";
				COPY_PHASE_STRIP = NO;
				ENABLE_STRICT_OBJC_MSGSEND = YES;
				GCC_C_LANGUAGE_STANDARD = gnu99;
				GCC_DYNAMIC_NO_PIC = NO;
				GCC_OPTIMIZATION_LEVEL = 0;
				GCC_PREPROCESSOR_DEFINITIONS = (
					"DEBUG=1",
					"$(inherited)",
				);
				GCC_SYMBOLS_PRIVATE_EXTERN = NO;
				GCC_WARN_64_TO_32_BIT_CONVERSION = YES;
				GCC_WARN_ABOUT_RETURN_TYPE = YES_ERROR;
				GCC_WARN_UNDECLARED_SELECTOR = YES;
				GCC_WARN_UNINITIALIZED_AUTOS = YES_AGGRESSIVE;
				GCC_WARN_UNUSED_FUNCTION = YES;
				GCC_WARN_UNUSED_VARIABLE = YES;
				IPHONEOS_DEPLOYMENT_TARGET = 8.1;
				MTL_ENABLE_DEBUG_INFO = YES;
				ONLY_ACTIVE_ARCH = YES;
				SDKROOT = iphoneos;
			};
			name = Debug;
		};
		8F8DA47E1A920C1200F2C095 /* Release */ = {
			isa = XCBuildConfiguration;
			buildSettings = {
				ALWAYS_SEARCH_USER_PATHS = NO;
				CLANG_CXX_LANGUAGE_STANDARD = "gnu++0x";
				CLANG_CXX_LIBRARY = "libc++";
				CLANG_ENABLE_MODULES = YES;
				CLANG_ENABLE_OBJC_ARC = YES;
				CLANG_WARN_BOOL_CONVERSION = YES;
				CLANG_WARN_CONSTANT_CONVERSION = YES;
				CLANG_WARN_DIRECT_OBJC_ISA_USAGE = YES_ERROR;
				CLANG_WARN_EMPTY_BODY = YES;
				CLANG_WARN_ENUM_CONVERSION = YES;
				CLANG_WARN_INT_CONVERSION = YES;
				CLANG_WARN_OBJC_ROOT_CLASS = YES_ERROR;
				CLANG_WARN_UNREACHABLE_CODE = YES;
				CLANG_WARN__DUPLICATE_METHOD_MATCH = YES;
				"CODE_SIGN_IDENTITY[sdk=iphoneos*]" = "iPhone Developer";
				COPY_PHASE_STRIP = YES;
				ENABLE_NS_ASSERTIONS = NO;
				ENABLE_STRICT_OBJC_MSGSEND = YES;
				GCC_C_LANGUAGE_STANDARD = gnu99;
				GCC_WARN_64_TO_32_BIT_CONVERSION = YES;
				GCC_WARN_ABOUT_RETURN_TYPE = YES_ERROR;
				GCC_WARN_UNDECLARED_SELECTOR = YES;
				GCC_WARN_UNINITIALIZED_AUTOS = YES_AGGRESSIVE;
				GCC_WARN_UNUSED_FUNCTION = YES;
				GCC_WARN_UNUSED_VARIABLE = YES;
				IPHONEOS_DEPLOYMENT_TARGET = 8.1;
				MTL_ENABLE_DEBUG_INFO = NO;
				SDKROOT = iphoneos;
				VALIDATE_PRODUCT = YES;
			};
			name = Release;
		};
		8F8DA4801A920C1200F2C095 /* Debug */ = {
			isa = XCBuildConfiguration;
			buildSettings = {
				ASSETCATALOG_COMPILER_APPICON_NAME = AppIcon;
				FRAMEWORK_SEARCH_PATHS = (
					"$(inherited)",
					"/Users/bahakz/Downloads/parse-library-1.6.2",
					"$(PROJECT_DIR)",
				);
				INFOPLIST_FILE = "Albumen iOS Client/Info.plist";
				LD_RUNPATH_SEARCH_PATHS = "$(inherited) @executable_path/Frameworks";
				PRODUCT_NAME = "$(TARGET_NAME)";
			};
			name = Debug;
		};
		8F8DA4811A920C1200F2C095 /* Release */ = {
			isa = XCBuildConfiguration;
			buildSettings = {
				ASSETCATALOG_COMPILER_APPICON_NAME = AppIcon;
				FRAMEWORK_SEARCH_PATHS = (
					"$(inherited)",
					"/Users/bahakz/Downloads/parse-library-1.6.2",
					"$(PROJECT_DIR)",
				);
				INFOPLIST_FILE = "Albumen iOS Client/Info.plist";
				LD_RUNPATH_SEARCH_PATHS = "$(inherited) @executable_path/Frameworks";
				PRODUCT_NAME = "$(TARGET_NAME)";
			};
			name = Release;
		};
		8F8DA4831A920C1200F2C095 /* Debug */ = {
			isa = XCBuildConfiguration;
			buildSettings = {
				BUNDLE_LOADER = "$(TEST_HOST)";
				FRAMEWORK_SEARCH_PATHS = (
					"$(SDKROOT)/Developer/Library/Frameworks",
					"$(inherited)",
				);
				GCC_PREPROCESSOR_DEFINITIONS = (
					"DEBUG=1",
					"$(inherited)",
				);
				INFOPLIST_FILE = "Albumen iOS ClientTests/Info.plist";
				LD_RUNPATH_SEARCH_PATHS = "$(inherited) @executable_path/Frameworks @loader_path/Frameworks";
				PRODUCT_NAME = "$(TARGET_NAME)";
				TEST_HOST = "$(BUILT_PRODUCTS_DIR)/Albumen iOS Client.app/Albumen iOS Client";
			};
			name = Debug;
		};
		8F8DA4841A920C1200F2C095 /* Release */ = {
			isa = XCBuildConfiguration;
			buildSettings = {
				BUNDLE_LOADER = "$(TEST_HOST)";
				FRAMEWORK_SEARCH_PATHS = (
					"$(SDKROOT)/Developer/Library/Frameworks",
					"$(inherited)",
				);
				INFOPLIST_FILE = "Albumen iOS ClientTests/Info.plist";
				LD_RUNPATH_SEARCH_PATHS = "$(inherited) @executable_path/Frameworks @loader_path/Frameworks";
				PRODUCT_NAME = "$(TARGET_NAME)";
				TEST_HOST = "$(BUILT_PRODUCTS_DIR)/Albumen iOS Client.app/Albumen iOS Client";
			};
			name = Release;
		};
/* End XCBuildConfiguration section */

/* Begin XCConfigurationList section */
		8F8DA4541A920C1200F2C095 /* Build configuration list for PBXProject "Albumen iOS Client" */ = {
			isa = XCConfigurationList;
			buildConfigurations = (
				8F8DA47D1A920C1200F2C095 /* Debug */,
				8F8DA47E1A920C1200F2C095 /* Release */,
			);
			defaultConfigurationIsVisible = 0;
			defaultConfigurationName = Release;
		};
		8F8DA47F1A920C1200F2C095 /* Build configuration list for PBXNativeTarget "Albumen iOS Client" */ = {
			isa = XCConfigurationList;
			buildConfigurations = (
				8F8DA4801A920C1200F2C095 /* Debug */,
				8F8DA4811A920C1200F2C095 /* Release */,
			);
			defaultConfigurationIsVisible = 0;
			defaultConfigurationName = Release;
		};
		8F8DA4821A920C1200F2C095 /* Build configuration list for PBXNativeTarget "Albumen iOS ClientTests" */ = {
			isa = XCConfigurationList;
			buildConfigurations = (
				8F8DA4831A920C1200F2C095 /* Debug */,
				8F8DA4841A920C1200F2C095 /* Release */,
			);
			defaultConfigurationIsVisible = 0;
			defaultConfigurationName = Release;
		};
/* End XCConfigurationList section */

/* Begin XCVersionGroup section */
		8F8DA4631A920C1200F2C095 /* Albumen_iOS_Client.xcdatamodeld */ = {
			isa = XCVersionGroup;
			children = (
				8F8DA4641A920C1200F2C095 /* Albumen_iOS_Client.xcdatamodel */,
			);
			currentVersion = 8F8DA4641A920C1200F2C095 /* Albumen_iOS_Client.xcdatamodel */;
			path = Albumen_iOS_Client.xcdatamodeld;
			sourceTree = "<group>";
			versionGroupType = wrapper.xcdatamodel;
		};
/* End XCVersionGroup section */
	};
	rootObject = 8F8DA4511A920C1200F2C095 /* Project object */;
}
